
Microsoft Visual Studio Solution File, Format Version 12.00
# Visual Studio Version 17
VisualStudioVersion = 17.3.32611.2
MinimumVisualStudioVersion = 10.0.40219.1
Project("{9A19103F-16F7-4668-BE54-9A1E7A4F7556}") = "Required", "src\Required\Required.csproj", "{D40DADB8-03A4-464A-A44D-5737925E48B5}"
EndProject
Global
	GlobalSection(SolutionConfigurationPlatforms) = preSolution
		Debug|Any CPU = Debug|Any CPU
		Release|Any CPU = Release|Any CPU
	EndGlobalSection
	GlobalSection(ProjectConfigurationPlatforms) = postSolution
		{D40DADB8-03A4-464A-A44D-5737925E48B5}.Debug|Any CPU.ActiveCfg = Debug|Any CPU
		{D40DADB8-03A4-464A-A44D-5737925E48B5}.Debug|Any CPU.Build.0 = Debug|Any CPU
		{D40DADB8-03A4-464A-A44D-5737925E48B5}.Release|Any CPU.ActiveCfg = Release|Any CPU
		{D40DADB8-03A4-464A-A44D-5737925E48B5}.Release|Any CPU.Build.0 = Release|Any CPU
	EndGlobalSection
	GlobalSection(SolutionProperties) = preSolution
		HideSolutionNode = FALSE
	EndGlobalSection
	GlobalSection(ExtensibilityGlobals) = postSolution
		SolutionGuid = {3D4C16D6-6556-46CF-9445-EF7EB9B2D0DC}
	EndGlobalSection
EndGlobal
